// !$*UTF8*$!
{
	archiveVersion = 1;
	classes = {
	};
	objectVersion = 55;
	objects = {

/* Begin PBXBuildFile section */
		5F84E1BD285D7041002CE9F0 /* FootballFeedApp.swift in Sources */ = {isa = PBXBuildFile; fileRef = 5F84E1BC285D7041002CE9F0 /* FootballFeedApp.swift */; };
		5F84E1BF285D7041002CE9F0 /* ContentView.swift in Sources */ = {isa = PBXBuildFile; fileRef = 5F84E1BE285D7041002CE9F0 /* ContentView.swift */; };
		5F84E1C1285D7043002CE9F0 /* Assets.xcassets in Resources */ = {isa = PBXBuildFile; fileRef = 5F84E1C0285D7043002CE9F0 /* Assets.xcassets */; };
		5F84E1C4285D7043002CE9F0 /* Preview Assets.xcassets in Resources */ = {isa = PBXBuildFile; fileRef = 5F84E1C3285D7043002CE9F0 /* Preview Assets.xcassets */; };
		5F84E1CC285D71D3002CE9F0 /* NetworkManager.swift in Sources */ = {isa = PBXBuildFile; fileRef = 5F84E1CB285D71D3002CE9F0 /* NetworkManager.swift */; };
		5F84E1D0285D7260002CE9F0 /* Config.plist in Resources */ = {isa = PBXBuildFile; fileRef = 5F84E1CF285D7260002CE9F0 /* Config.plist */; };
		5F84E1D2285D72C3002CE9F0 /* ConfigManager.swift in Sources */ = {isa = PBXBuildFile; fileRef = 5F84E1D1285D72C3002CE9F0 /* ConfigManager.swift */; };
		5F84E1D5285D7300002CE9F0 /* CountriesAPI.swift in Sources */ = {isa = PBXBuildFile; fileRef = 5F84E1D4285D7300002CE9F0 /* CountriesAPI.swift */; };
		5F84E1D7285D748D002CE9F0 /* FFApp.swift in Sources */ = {isa = PBXBuildFile; fileRef = 5F84E1D6285D748D002CE9F0 /* FFApp.swift */; };
		5F84E1D9285D74FB002CE9F0 /* AppConfig.swift in Sources */ = {isa = PBXBuildFile; fileRef = 5F84E1D8285D74FB002CE9F0 /* AppConfig.swift */; };
		5F84E1DD285D799A002CE9F0 /* APIResource.swift in Sources */ = {isa = PBXBuildFile; fileRef = 5F84E1DC285D799A002CE9F0 /* APIResource.swift */; };
		5F84E1E2285D7DB8002CE9F0 /* CountryListView.swift in Sources */ = {isa = PBXBuildFile; fileRef = 5F84E1E1285D7DB8002CE9F0 /* CountryListView.swift */; };
		5F84E1E5285D7DDC002CE9F0 /* CountryListViewModel.swift in Sources */ = {isa = PBXBuildFile; fileRef = 5F84E1E4285D7DDC002CE9F0 /* CountryListViewModel.swift */; };
		5F84E1E8285D7E12002CE9F0 /* Country.swift in Sources */ = {isa = PBXBuildFile; fileRef = 5F84E1E7285D7E12002CE9F0 /* Country.swift */; };
		5F84E1EC285D7E98002CE9F0 /* CountryListResponse.swift in Sources */ = {isa = PBXBuildFile; fileRef = 5F84E1EB285D7E98002CE9F0 /* CountryListResponse.swift */; };
		5F84E1F0285D81F1002CE9F0 /* CountryRowView.swift in Sources */ = {isa = PBXBuildFile; fileRef = 5F84E1EF285D81F1002CE9F0 /* CountryRowView.swift */; };
		5F84E1F3285D8255002CE9F0 /* Country+PreviewData.swift in Sources */ = {isa = PBXBuildFile; fileRef = 5F84E1F2285D8255002CE9F0 /* Country+PreviewData.swift */; };
		5F84E1F6285D84C0002CE9F0 /* Dictionary+JSON.swift in Sources */ = {isa = PBXBuildFile; fileRef = 5F84E1F5285D84C0002CE9F0 /* Dictionary+JSON.swift */; };
		5FF34E5B285E3AC500A66A8E /* Set+Additions.swift in Sources */ = {isa = PBXBuildFile; fileRef = 5FF34E5A285E3AC500A66A8E /* Set+Additions.swift */; };
		5FF34E5E285E4B3400A66A8E /* LeagueListView.swift in Sources */ = {isa = PBXBuildFile; fileRef = 5FF34E5D285E4B3400A66A8E /* LeagueListView.swift */; };
		5FF34E62285E4B5800A66A8E /* LeagueListViewModel.swift in Sources */ = {isa = PBXBuildFile; fileRef = 5FF34E61285E4B5800A66A8E /* LeagueListViewModel.swift */; };
		5FF34E64285EDBBA00A66A8E /* LeaguesAPI.swift in Sources */ = {isa = PBXBuildFile; fileRef = 5FF34E63285EDBBA00A66A8E /* LeaguesAPI.swift */; };
		5FF34E68285EDEA200A66A8E /* LeagueListResponse.swift in Sources */ = {isa = PBXBuildFile; fileRef = 5FF34E67285EDEA200A66A8E /* LeagueListResponse.swift */; };
		5FF34E6B285EDEDB00A66A8E /* League.swift in Sources */ = {isa = PBXBuildFile; fileRef = 5FF34E6A285EDEDB00A66A8E /* League.swift */; };
		5FF34E6F285EE29D00A66A8E /* LeagueRowView.swift in Sources */ = {isa = PBXBuildFile; fileRef = 5FF34E6E285EE29D00A66A8E /* LeagueRowView.swift */; };
		5FF34E71285EE44F00A66A8E /* League+PreviewData.swift in Sources */ = {isa = PBXBuildFile; fileRef = 5FF34E70285EE44F00A66A8E /* League+PreviewData.swift */; };
		5FF34E74285FF58E00A66A8E /* SVGKitSwift in Frameworks */ = {isa = PBXBuildFile; productRef = 5FF34E73285FF58E00A66A8E /* SVGKitSwift */; };
		5FF34E77285FF6B600A66A8E /* SVGImageView.swift in Sources */ = {isa = PBXBuildFile; fileRef = 5FF34E76285FF6B600A66A8E /* SVGImageView.swift */; };
		5FF34E7F285FFA3000A66A8E /* TeamsAPI.swift in Sources */ = {isa = PBXBuildFile; fileRef = 5FF34E7E285FFA3000A66A8E /* TeamsAPI.swift */; };
		5FF34E82285FFAA800A66A8E /* TeamListResponse.swift in Sources */ = {isa = PBXBuildFile; fileRef = 5FF34E81285FFAA800A66A8E /* TeamListResponse.swift */; };
		5FF34E84285FFAB100A66A8E /* Team.swift in Sources */ = {isa = PBXBuildFile; fileRef = 5FF34E83285FFAB100A66A8E /* Team.swift */; };
		5FF34E86285FFB2600A66A8E /* TeamListViewModel.swift in Sources */ = {isa = PBXBuildFile; fileRef = 5FF34E85285FFB2600A66A8E /* TeamListViewModel.swift */; };
		5FF34E89285FFC1300A66A8E /* Venue.swift in Sources */ = {isa = PBXBuildFile; fileRef = 5FF34E88285FFC1300A66A8E /* Venue.swift */; };
		5FF34E8B285FFC7800A66A8E /* TeamListView.swift in Sources */ = {isa = PBXBuildFile; fileRef = 5FF34E8A285FFC7800A66A8E /* TeamListView.swift */; };
		5FF34E8D285FFCBD00A66A8E /* Team+PreviewData.swift in Sources */ = {isa = PBXBuildFile; fileRef = 5FF34E8C285FFCBD00A66A8E /* Team+PreviewData.swift */; };
		5FF34E8F285FFDDE00A66A8E /* TeamRowView.swift in Sources */ = {isa = PBXBuildFile; fileRef = 5FF34E8E285FFDDE00A66A8E /* TeamRowView.swift */; };
		5FF34E932860015A00A66A8E /* DashboardTabView.swift in Sources */ = {isa = PBXBuildFile; fileRef = 5FF34E922860015A00A66A8E /* DashboardTabView.swift */; };
		5FF34E97286002D200A66A8E /* ProfileView.swift in Sources */ = {isa = PBXBuildFile; fileRef = 5FF34E96286002D200A66A8E /* ProfileView.swift */; };
		5FF34E9B2860BF5E00A66A8E /* MockResponses in Resources */ = {isa = PBXBuildFile; fileRef = 5FF34E9A2860BF5E00A66A8E /* MockResponses */; };
		5FF34E9D2860C05000A66A8E /* APIDataProvider.swift in Sources */ = {isa = PBXBuildFile; fileRef = 5FF34E9C2860C05000A66A8E /* APIDataProvider.swift */; };
		5FF34E9F2860C07F00A66A8E /* NetworkMock.swift in Sources */ = {isa = PBXBuildFile; fileRef = 5FF34E9E2860C07F00A66A8E /* NetworkMock.swift */; };
		5FF34EA12860C7F900A66A8E /* AppDelegate.swift in Sources */ = {isa = PBXBuildFile; fileRef = 5FF34EA02860C7F900A66A8E /* AppDelegate.swift */; };
		5FF34EA42860CDA500A66A8E /* FixturesViews.swift in Sources */ = {isa = PBXBuildFile; fileRef = 5FF34EA32860CDA500A66A8E /* FixturesViews.swift */; };
		5FF34EA72860CE3D00A66A8E /* FixtureSectionView.swift in Sources */ = {isa = PBXBuildFile; fileRef = 5FF34EA62860CE3D00A66A8E /* FixtureSectionView.swift */; };
		5FF34EAA2860CE8700A66A8E /* FixtureSectionViewModel.swift in Sources */ = {isa = PBXBuildFile; fileRef = 5FF34EA92860CE8700A66A8E /* FixtureSectionViewModel.swift */; };
		5FF34EAC2860CEAA00A66A8E /* Fixture.swift in Sources */ = {isa = PBXBuildFile; fileRef = 5FF34EAB2860CEAA00A66A8E /* Fixture.swift */; };
		5FF34EAF2860CEF000A66A8E /* FixturesAPI.swift in Sources */ = {isa = PBXBuildFile; fileRef = 5FF34EAE2860CEF000A66A8E /* FixturesAPI.swift */; };
		5FF34EB22860CF9B00A66A8E /* FixtureListResponse.swift in Sources */ = {isa = PBXBuildFile; fileRef = 5FF34EB12860CF9B00A66A8E /* FixtureListResponse.swift */; };
		5FF34EB42860D2D100A66A8E /* FixtureRowView.swift in Sources */ = {isa = PBXBuildFile; fileRef = 5FF34EB32860D2D100A66A8E /* FixtureRowView.swift */; };
		5FF34EB62860D2F900A66A8E /* Fixture+PreviewData.swift in Sources */ = {isa = PBXBuildFile; fileRef = 5FF34EB52860D2F900A66A8E /* Fixture+PreviewData.swift */; };
		5FF34EB82860D35400A66A8E /* Venue+PreviewData.swift in Sources */ = {isa = PBXBuildFile; fileRef = 5FF34EB72860D35400A66A8E /* Venue+PreviewData.swift */; };
		5FF34EBA2860D3CF00A66A8E /* JSONDecoder+Static.swift in Sources */ = {isa = PBXBuildFile; fileRef = 5FF34EB92860D3CF00A66A8E /* JSONDecoder+Static.swift */; };
		5FF34EBC2860D40F00A66A8E /* DateFormatter+Static.swift in Sources */ = {isa = PBXBuildFile; fileRef = 5FF34EBB2860D40F00A66A8E /* DateFormatter+Static.swift */; };
/* End PBXBuildFile section */

/* Begin PBXFileReference section */
		5F84E1B9285D7041002CE9F0 /* FootballFeed.app */ = {isa = PBXFileReference; explicitFileType = wrapper.application; includeInIndex = 0; path = FootballFeed.app; sourceTree = BUILT_PRODUCTS_DIR; };
		5F84E1BC285D7041002CE9F0 /* FootballFeedApp.swift */ = {isa = PBXFileReference; lastKnownFileType = sourcecode.swift; path = FootballFeedApp.swift; sourceTree = "<group>"; };
		5F84E1BE285D7041002CE9F0 /* ContentView.swift */ = {isa = PBXFileReference; lastKnownFileType = sourcecode.swift; path = ContentView.swift; sourceTree = "<group>"; };
		5F84E1C0285D7043002CE9F0 /* Assets.xcassets */ = {isa = PBXFileReference; lastKnownFileType = folder.assetcatalog; path = Assets.xcassets; sourceTree = "<group>"; };
		5F84E1C3285D7043002CE9F0 /* Preview Assets.xcassets */ = {isa = PBXFileReference; lastKnownFileType = folder.assetcatalog; path = "Preview Assets.xcassets"; sourceTree = "<group>"; };
		5F84E1CB285D71D3002CE9F0 /* NetworkManager.swift */ = {isa = PBXFileReference; lastKnownFileType = sourcecode.swift; path = NetworkManager.swift; sourceTree = "<group>"; };
		5F84E1CF285D7260002CE9F0 /* Config.plist */ = {isa = PBXFileReference; lastKnownFileType = text.plist.xml; path = Config.plist; sourceTree = "<group>"; };
		5F84E1D1285D72C3002CE9F0 /* ConfigManager.swift */ = {isa = PBXFileReference; lastKnownFileType = sourcecode.swift; path = ConfigManager.swift; sourceTree = "<group>"; };
		5F84E1D4285D7300002CE9F0 /* CountriesAPI.swift */ = {isa = PBXFileReference; lastKnownFileType = sourcecode.swift; path = CountriesAPI.swift; sourceTree = "<group>"; };
		5F84E1D6285D748D002CE9F0 /* FFApp.swift */ = {isa = PBXFileReference; lastKnownFileType = sourcecode.swift; path = FFApp.swift; sourceTree = "<group>"; };
		5F84E1D8285D74FB002CE9F0 /* AppConfig.swift */ = {isa = PBXFileReference; lastKnownFileType = sourcecode.swift; path = AppConfig.swift; sourceTree = "<group>"; };
		5F84E1DC285D799A002CE9F0 /* APIResource.swift */ = {isa = PBXFileReference; lastKnownFileType = sourcecode.swift; path = APIResource.swift; sourceTree = "<group>"; };
		5F84E1E1285D7DB8002CE9F0 /* CountryListView.swift */ = {isa = PBXFileReference; lastKnownFileType = sourcecode.swift; path = CountryListView.swift; sourceTree = "<group>"; };
		5F84E1E4285D7DDC002CE9F0 /* CountryListViewModel.swift */ = {isa = PBXFileReference; lastKnownFileType = sourcecode.swift; path = CountryListViewModel.swift; sourceTree = "<group>"; };
		5F84E1E7285D7E12002CE9F0 /* Country.swift */ = {isa = PBXFileReference; lastKnownFileType = sourcecode.swift; path = Country.swift; sourceTree = "<group>"; };
		5F84E1EB285D7E98002CE9F0 /* CountryListResponse.swift */ = {isa = PBXFileReference; lastKnownFileType = sourcecode.swift; path = CountryListResponse.swift; sourceTree = "<group>"; };
		5F84E1EF285D81F1002CE9F0 /* CountryRowView.swift */ = {isa = PBXFileReference; lastKnownFileType = sourcecode.swift; path = CountryRowView.swift; sourceTree = "<group>"; };
		5F84E1F2285D8255002CE9F0 /* Country+PreviewData.swift */ = {isa = PBXFileReference; lastKnownFileType = sourcecode.swift; path = "Country+PreviewData.swift"; sourceTree = "<group>"; };
		5F84E1F5285D84C0002CE9F0 /* Dictionary+JSON.swift */ = {isa = PBXFileReference; lastKnownFileType = sourcecode.swift; path = "Dictionary+JSON.swift"; sourceTree = "<group>"; };
		5FF34E5A285E3AC500A66A8E /* Set+Additions.swift */ = {isa = PBXFileReference; lastKnownFileType = sourcecode.swift; path = "Set+Additions.swift"; sourceTree = "<group>"; };
		5FF34E5D285E4B3400A66A8E /* LeagueListView.swift */ = {isa = PBXFileReference; lastKnownFileType = sourcecode.swift; path = LeagueListView.swift; sourceTree = "<group>"; };
		5FF34E61285E4B5800A66A8E /* LeagueListViewModel.swift */ = {isa = PBXFileReference; lastKnownFileType = sourcecode.swift; path = LeagueListViewModel.swift; sourceTree = "<group>"; };
		5FF34E63285EDBBA00A66A8E /* LeaguesAPI.swift */ = {isa = PBXFileReference; lastKnownFileType = sourcecode.swift; path = LeaguesAPI.swift; sourceTree = "<group>"; };
		5FF34E67285EDEA200A66A8E /* LeagueListResponse.swift */ = {isa = PBXFileReference; lastKnownFileType = sourcecode.swift; path = LeagueListResponse.swift; sourceTree = "<group>"; };
		5FF34E6A285EDEDB00A66A8E /* League.swift */ = {isa = PBXFileReference; lastKnownFileType = sourcecode.swift; path = League.swift; sourceTree = "<group>"; };
		5FF34E6E285EE29D00A66A8E /* LeagueRowView.swift */ = {isa = PBXFileReference; lastKnownFileType = sourcecode.swift; path = LeagueRowView.swift; sourceTree = "<group>"; };
		5FF34E70285EE44F00A66A8E /* League+PreviewData.swift */ = {isa = PBXFileReference; lastKnownFileType = sourcecode.swift; path = "League+PreviewData.swift"; sourceTree = "<group>"; };
		5FF34E76285FF6B600A66A8E /* SVGImageView.swift */ = {isa = PBXFileReference; lastKnownFileType = sourcecode.swift; path = SVGImageView.swift; sourceTree = "<group>"; };
		5FF34E7E285FFA3000A66A8E /* TeamsAPI.swift */ = {isa = PBXFileReference; lastKnownFileType = sourcecode.swift; path = TeamsAPI.swift; sourceTree = "<group>"; };
		5FF34E81285FFAA800A66A8E /* TeamListResponse.swift */ = {isa = PBXFileReference; lastKnownFileType = sourcecode.swift; path = TeamListResponse.swift; sourceTree = "<group>"; };
		5FF34E83285FFAB100A66A8E /* Team.swift */ = {isa = PBXFileReference; lastKnownFileType = sourcecode.swift; path = Team.swift; sourceTree = "<group>"; };
		5FF34E85285FFB2600A66A8E /* TeamListViewModel.swift */ = {isa = PBXFileReference; lastKnownFileType = sourcecode.swift; path = TeamListViewModel.swift; sourceTree = "<group>"; };
		5FF34E88285FFC1300A66A8E /* Venue.swift */ = {isa = PBXFileReference; lastKnownFileType = sourcecode.swift; path = Venue.swift; sourceTree = "<group>"; };
		5FF34E8A285FFC7800A66A8E /* TeamListView.swift */ = {isa = PBXFileReference; lastKnownFileType = sourcecode.swift; path = TeamListView.swift; sourceTree = "<group>"; };
		5FF34E8C285FFCBD00A66A8E /* Team+PreviewData.swift */ = {isa = PBXFileReference; lastKnownFileType = sourcecode.swift; path = "Team+PreviewData.swift"; sourceTree = "<group>"; };
		5FF34E8E285FFDDE00A66A8E /* TeamRowView.swift */ = {isa = PBXFileReference; lastKnownFileType = sourcecode.swift; path = TeamRowView.swift; sourceTree = "<group>"; };
		5FF34E922860015A00A66A8E /* DashboardTabView.swift */ = {isa = PBXFileReference; lastKnownFileType = sourcecode.swift; path = DashboardTabView.swift; sourceTree = "<group>"; };
		5FF34E96286002D200A66A8E /* ProfileView.swift */ = {isa = PBXFileReference; lastKnownFileType = sourcecode.swift; path = ProfileView.swift; sourceTree = "<group>"; };
		5FF34E9A2860BF5E00A66A8E /* MockResponses */ = {isa = PBXFileReference; lastKnownFileType = folder; path = MockResponses; sourceTree = "<group>"; };
		5FF34E9C2860C05000A66A8E /* APIDataProvider.swift */ = {isa = PBXFileReference; lastKnownFileType = sourcecode.swift; path = APIDataProvider.swift; sourceTree = "<group>"; };
		5FF34E9E2860C07F00A66A8E /* NetworkMock.swift */ = {isa = PBXFileReference; lastKnownFileType = sourcecode.swift; path = NetworkMock.swift; sourceTree = "<group>"; };
		5FF34EA02860C7F900A66A8E /* AppDelegate.swift */ = {isa = PBXFileReference; lastKnownFileType = sourcecode.swift; path = AppDelegate.swift; sourceTree = "<group>"; };
		5FF34EA32860CDA500A66A8E /* FixturesViews.swift */ = {isa = PBXFileReference; lastKnownFileType = sourcecode.swift; path = FixturesViews.swift; sourceTree = "<group>"; };
		5FF34EA62860CE3D00A66A8E /* FixtureSectionView.swift */ = {isa = PBXFileReference; lastKnownFileType = sourcecode.swift; path = FixtureSectionView.swift; sourceTree = "<group>"; };
		5FF34EA92860CE8700A66A8E /* FixtureSectionViewModel.swift */ = {isa = PBXFileReference; lastKnownFileType = sourcecode.swift; path = FixtureSectionViewModel.swift; sourceTree = "<group>"; };
		5FF34EAB2860CEAA00A66A8E /* Fixture.swift */ = {isa = PBXFileReference; lastKnownFileType = sourcecode.swift; path = Fixture.swift; sourceTree = "<group>"; };
		5FF34EAE2860CEF000A66A8E /* FixturesAPI.swift */ = {isa = PBXFileReference; lastKnownFileType = sourcecode.swift; path = FixturesAPI.swift; sourceTree = "<group>"; };
		5FF34EB12860CF9B00A66A8E /* FixtureListResponse.swift */ = {isa = PBXFileReference; lastKnownFileType = sourcecode.swift; path = FixtureListResponse.swift; sourceTree = "<group>"; };
		5FF34EB32860D2D100A66A8E /* FixtureRowView.swift */ = {isa = PBXFileReference; lastKnownFileType = sourcecode.swift; path = FixtureRowView.swift; sourceTree = "<group>"; };
		5FF34EB52860D2F900A66A8E /* Fixture+PreviewData.swift */ = {isa = PBXFileReference; lastKnownFileType = sourcecode.swift; path = "Fixture+PreviewData.swift"; sourceTree = "<group>"; };
		5FF34EB72860D35400A66A8E /* Venue+PreviewData.swift */ = {isa = PBXFileReference; lastKnownFileType = sourcecode.swift; path = "Venue+PreviewData.swift"; sourceTree = "<group>"; };
		5FF34EB92860D3CF00A66A8E /* JSONDecoder+Static.swift */ = {isa = PBXFileReference; lastKnownFileType = sourcecode.swift; path = "JSONDecoder+Static.swift"; sourceTree = "<group>"; };
		5FF34EBB2860D40F00A66A8E /* DateFormatter+Static.swift */ = {isa = PBXFileReference; lastKnownFileType = sourcecode.swift; path = "DateFormatter+Static.swift"; sourceTree = "<group>"; };
/* End PBXFileReference section */

/* Begin PBXFrameworksBuildPhase section */
		5F84E1B6285D7041002CE9F0 /* Frameworks */ = {
			isa = PBXFrameworksBuildPhase;
			buildActionMask = 2147483647;
			files = (
				5FF34E74285FF58E00A66A8E /* SVGKitSwift in Frameworks */,
			);
			runOnlyForDeploymentPostprocessing = 0;
		};
/* End PBXFrameworksBuildPhase section */

/* Begin PBXGroup section */
		5F84E1B0285D7041002CE9F0 = {
			isa = PBXGroup;
			children = (
				5F84E1BB285D7041002CE9F0 /* FootballFeed */,
				5F84E1BA285D7041002CE9F0 /* Products */,
			);
			sourceTree = "<group>";
		};
		5F84E1BA285D7041002CE9F0 /* Products */ = {
			isa = PBXGroup;
			children = (
				5F84E1B9285D7041002CE9F0 /* FootballFeed.app */,
			);
			name = Products;
			sourceTree = "<group>";
		};
		5F84E1BB285D7041002CE9F0 /* FootballFeed */ = {
			isa = PBXGroup;
			children = (
				5FF34EA22860CD9900A66A8E /* Fixtures */,
				5FF34E94286002BA00A66A8E /* Profile */,
				5FF34E912860014300A66A8E /* Dashboard */,
				5FF34E90286000F100A66A8E /* TeamSelection */,
				5F84E1F4285D84AF002CE9F0 /* Extensions */,
				5F84E1CD285D7218002CE9F0 /* Shared */,
				5F84E1CA285D715A002CE9F0 /* Network */,
				5F84E1BC285D7041002CE9F0 /* FootballFeedApp.swift */,
				5F84E1BE285D7041002CE9F0 /* ContentView.swift */,
				5F84E1C0285D7043002CE9F0 /* Assets.xcassets */,
				5F84E1C2285D7043002CE9F0 /* Preview Content */,
				5FF34EA02860C7F900A66A8E /* AppDelegate.swift */,
			);
			path = FootballFeed;
			sourceTree = "<group>";
		};
		5F84E1C2285D7043002CE9F0 /* Preview Content */ = {
			isa = PBXGroup;
			children = (
				5F84E1C3285D7043002CE9F0 /* Preview Assets.xcassets */,
			);
			path = "Preview Content";
			sourceTree = "<group>";
		};
		5F84E1CA285D715A002CE9F0 /* Network */ = {
			isa = PBXGroup;
			children = (
				5FF34E9A2860BF5E00A66A8E /* MockResponses */,
				5F84E1D3285D72F6002CE9F0 /* API */,
				5FF34E9C2860C05000A66A8E /* APIDataProvider.swift */,
				5F84E1CB285D71D3002CE9F0 /* NetworkManager.swift */,
				5FF34E9E2860C07F00A66A8E /* NetworkMock.swift */,
			);
			path = Network;
			sourceTree = "<group>";
		};
		5F84E1CD285D7218002CE9F0 /* Shared */ = {
			isa = PBXGroup;
			children = (
				5F84E1F1285D823C002CE9F0 /* PreviewData */,
				5FF34E87285FFBF600A66A8E /* Models */,
				5FF34E75285FF69C00A66A8E /* VIews */,
				5F84E1CE285D7224002CE9F0 /* Config */,
				5F84E1D6285D748D002CE9F0 /* FFApp.swift */,
			);
			path = Shared;
			sourceTree = "<group>";
		};
		5F84E1CE285D7224002CE9F0 /* Config */ = {
			isa = PBXGroup;
			children = (
				5F84E1CF285D7260002CE9F0 /* Config.plist */,
				5F84E1D1285D72C3002CE9F0 /* ConfigManager.swift */,
				5F84E1D8285D74FB002CE9F0 /* AppConfig.swift */,
			);
			path = Config;
			sourceTree = "<group>";
		};
		5F84E1D3285D72F6002CE9F0 /* API */ = {
			isa = PBXGroup;
			children = (
				5FF34EAD2860CEE600A66A8E /* Fixtures */,
				5FF34E7D285FFA2200A66A8E /* Teams */,
				5FF34E65285EDBEE00A66A8E /* Leagues */,
				5F84E1E9285D7E59002CE9F0 /* Countries */,
				5F84E1DC285D799A002CE9F0 /* APIResource.swift */,
			);
			path = API;
			sourceTree = "<group>";
		};
		5F84E1DF285D7D87002CE9F0 /* Countries */ = {
			isa = PBXGroup;
			children = (
				5F84E1E3285D7DCA002CE9F0 /* ViewModels */,
				5F84E1E0285D7D8D002CE9F0 /* Views */,
			);
			path = Countries;
			sourceTree = "<group>";
		};
		5F84E1E0285D7D8D002CE9F0 /* Views */ = {
			isa = PBXGroup;
			children = (
				5F84E1E1285D7DB8002CE9F0 /* CountryListView.swift */,
				5F84E1EF285D81F1002CE9F0 /* CountryRowView.swift */,
			);
			path = Views;
			sourceTree = "<group>";
		};
		5F84E1E3285D7DCA002CE9F0 /* ViewModels */ = {
			isa = PBXGroup;
			children = (
				5F84E1E4285D7DDC002CE9F0 /* CountryListViewModel.swift */,
			);
			path = ViewModels;
			sourceTree = "<group>";
		};
		5F84E1E9285D7E59002CE9F0 /* Countries */ = {
			isa = PBXGroup;
			children = (
				5F84E1EA285D7E89002CE9F0 /* Models */,
				5F84E1D4285D7300002CE9F0 /* CountriesAPI.swift */,
			);
			path = Countries;
			sourceTree = "<group>";
		};
		5F84E1EA285D7E89002CE9F0 /* Models */ = {
			isa = PBXGroup;
			children = (
				5F84E1EB285D7E98002CE9F0 /* CountryListResponse.swift */,
			);
			path = Models;
			sourceTree = "<group>";
		};
		5F84E1F1285D823C002CE9F0 /* PreviewData */ = {
			isa = PBXGroup;
			children = (
				5F84E1F2285D8255002CE9F0 /* Country+PreviewData.swift */,
				5FF34E70285EE44F00A66A8E /* League+PreviewData.swift */,
				5FF34E8C285FFCBD00A66A8E /* Team+PreviewData.swift */,
				5FF34EB52860D2F900A66A8E /* Fixture+PreviewData.swift */,
				5FF34EB72860D35400A66A8E /* Venue+PreviewData.swift */,
			);
			path = PreviewData;
			sourceTree = "<group>";
		};
		5F84E1F4285D84AF002CE9F0 /* Extensions */ = {
			isa = PBXGroup;
			children = (
				5F84E1F5285D84C0002CE9F0 /* Dictionary+JSON.swift */,
				5FF34E5A285E3AC500A66A8E /* Set+Additions.swift */,
				5FF34EB92860D3CF00A66A8E /* JSONDecoder+Static.swift */,
				5FF34EBB2860D40F00A66A8E /* DateFormatter+Static.swift */,
			);
			path = Extensions;
			sourceTree = "<group>";
		};
		5FF34E5C285E4B2500A66A8E /* Leagues */ = {
			isa = PBXGroup;
			children = (
				5FF34E60285E4B4600A66A8E /* ViewModels */,
				5FF34E5F285E4B4100A66A8E /* Views */,
			);
			path = Leagues;
			sourceTree = "<group>";
		};
		5FF34E5F285E4B4100A66A8E /* Views */ = {
			isa = PBXGroup;
			children = (
				5FF34E5D285E4B3400A66A8E /* LeagueListView.swift */,
				5FF34E6E285EE29D00A66A8E /* LeagueRowView.swift */,
			);
			path = Views;
			sourceTree = "<group>";
		};
		5FF34E60285E4B4600A66A8E /* ViewModels */ = {
			isa = PBXGroup;
			children = (
				5FF34E61285E4B5800A66A8E /* LeagueListViewModel.swift */,
			);
			path = ViewModels;
			sourceTree = "<group>";
		};
		5FF34E65285EDBEE00A66A8E /* Leagues */ = {
			isa = PBXGroup;
			children = (
				5FF34E66285EDE8F00A66A8E /* Models */,
				5FF34E63285EDBBA00A66A8E /* LeaguesAPI.swift */,
			);
			path = Leagues;
			sourceTree = "<group>";
		};
		5FF34E66285EDE8F00A66A8E /* Models */ = {
			isa = PBXGroup;
			children = (
				5FF34E67285EDEA200A66A8E /* LeagueListResponse.swift */,
			);
			path = Models;
			sourceTree = "<group>";
		};
		5FF34E75285FF69C00A66A8E /* VIews */ = {
			isa = PBXGroup;
			children = (
				5FF34E76285FF6B600A66A8E /* SVGImageView.swift */,
			);
			path = VIews;
			sourceTree = "<group>";
		};
		5FF34E78285FF98800A66A8E /* Teams */ = {
			isa = PBXGroup;
			children = (
				5FF34E7C285FF9A700A66A8E /* Views */,
				5FF34E7B285FF9A100A66A8E /* ViewModels */,
			);
			path = Teams;
			sourceTree = "<group>";
		};
		5FF34E7B285FF9A100A66A8E /* ViewModels */ = {
			isa = PBXGroup;
			children = (
				5FF34E85285FFB2600A66A8E /* TeamListViewModel.swift */,
			);
			path = ViewModels;
			sourceTree = "<group>";
		};
		5FF34E7C285FF9A700A66A8E /* Views */ = {
			isa = PBXGroup;
			children = (
				5FF34E8A285FFC7800A66A8E /* TeamListView.swift */,
				5FF34E8E285FFDDE00A66A8E /* TeamRowView.swift */,
			);
			path = Views;
			sourceTree = "<group>";
		};
		5FF34E7D285FFA2200A66A8E /* Teams */ = {
			isa = PBXGroup;
			children = (
				5FF34E80285FFA9C00A66A8E /* Models */,
				5FF34E7E285FFA3000A66A8E /* TeamsAPI.swift */,
			);
			path = Teams;
			sourceTree = "<group>";
		};
		5FF34E80285FFA9C00A66A8E /* Models */ = {
			isa = PBXGroup;
			children = (
				5FF34E81285FFAA800A66A8E /* TeamListResponse.swift */,
			);
			path = Models;
			sourceTree = "<group>";
		};
		5FF34E87285FFBF600A66A8E /* Models */ = {
			isa = PBXGroup;
			children = (
				5FF34E83285FFAB100A66A8E /* Team.swift */,
				5F84E1E7285D7E12002CE9F0 /* Country.swift */,
				5FF34E6A285EDEDB00A66A8E /* League.swift */,
				5FF34E88285FFC1300A66A8E /* Venue.swift */,
				5FF34EAB2860CEAA00A66A8E /* Fixture.swift */,
			);
			path = Models;
			sourceTree = "<group>";
		};
		5FF34E90286000F100A66A8E /* TeamSelection */ = {
			isa = PBXGroup;
			children = (
				5F84E1DF285D7D87002CE9F0 /* Countries */,
				5FF34E5C285E4B2500A66A8E /* Leagues */,
				5FF34E78285FF98800A66A8E /* Teams */,
			);
			path = TeamSelection;
			sourceTree = "<group>";
		};
		5FF34E912860014300A66A8E /* Dashboard */ = {
			isa = PBXGroup;
			children = (
				5FF34E922860015A00A66A8E /* DashboardTabView.swift */,
			);
			path = Dashboard;
			sourceTree = "<group>";
		};
		5FF34E94286002BA00A66A8E /* Profile */ = {
			isa = PBXGroup;
			children = (
				5FF34E95286002C900A66A8E /* Views */,
			);
			path = Profile;
			sourceTree = "<group>";
		};
		5FF34E95286002C900A66A8E /* Views */ = {
			isa = PBXGroup;
			children = (
				5FF34E96286002D200A66A8E /* ProfileView.swift */,
			);
			path = Views;
			sourceTree = "<group>";
		};
		5FF34EA22860CD9900A66A8E /* Fixtures */ = {
			isa = PBXGroup;
			children = (
				5FF34EA82860CE7900A66A8E /* ViewModels */,
				5FF34EA52860CE2300A66A8E /* Views */,
			);
			path = Fixtures;
			sourceTree = "<group>";
		};
		5FF34EA52860CE2300A66A8E /* Views */ = {
			isa = PBXGroup;
			children = (
				5FF34EA32860CDA500A66A8E /* FixturesViews.swift */,
				5FF34EA62860CE3D00A66A8E /* FixtureSectionView.swift */,
				5FF34EB32860D2D100A66A8E /* FixtureRowView.swift */,
			);
			path = Views;
			sourceTree = "<group>";
		};
		5FF34EA82860CE7900A66A8E /* ViewModels */ = {
			isa = PBXGroup;
			children = (
				5FF34EA92860CE8700A66A8E /* FixtureSectionViewModel.swift */,
			);
			path = ViewModels;
			sourceTree = "<group>";
		};
		5FF34EAD2860CEE600A66A8E /* Fixtures */ = {
			isa = PBXGroup;
			children = (
				5FF34EB02860CF8800A66A8E /* Models */,
				5FF34EAE2860CEF000A66A8E /* FixturesAPI.swift */,
			);
			path = Fixtures;
			sourceTree = "<group>";
		};
		5FF34EB02860CF8800A66A8E /* Models */ = {
			isa = PBXGroup;
			children = (
				5FF34EB12860CF9B00A66A8E /* FixtureListResponse.swift */,
			);
			path = Models;
			sourceTree = "<group>";
		};
/* End PBXGroup section */

/* Begin PBXNativeTarget section */
		5F84E1B8285D7041002CE9F0 /* FootballFeed */ = {
			isa = PBXNativeTarget;
			buildConfigurationList = 5F84E1C7285D7043002CE9F0 /* Build configuration list for PBXNativeTarget "FootballFeed" */;
			buildPhases = (
				5F84E1B5285D7041002CE9F0 /* Sources */,
				5F84E1B6285D7041002CE9F0 /* Frameworks */,
				5F84E1B7285D7041002CE9F0 /* Resources */,
			);
			buildRules = (
			);
			dependencies = (
			);
			name = FootballFeed;
			packageProductDependencies = (
				5FF34E73285FF58E00A66A8E /* SVGKitSwift */,
			);
			productName = FootballFeed;
			productReference = 5F84E1B9285D7041002CE9F0 /* FootballFeed.app */;
			productType = "com.apple.product-type.application";
		};
/* End PBXNativeTarget section */

/* Begin PBXProject section */
		5F84E1B1285D7041002CE9F0 /* Project object */ = {
			isa = PBXProject;
			attributes = {
				BuildIndependentTargetsInParallel = 1;
				LastSwiftUpdateCheck = 1340;
				LastUpgradeCheck = 1340;
				TargetAttributes = {
					5F84E1B8285D7041002CE9F0 = {
						CreatedOnToolsVersion = 13.4.1;
					};
				};
			};
			buildConfigurationList = 5F84E1B4285D7041002CE9F0 /* Build configuration list for PBXProject "FootballFeed" */;
			compatibilityVersion = "Xcode 13.0";
			developmentRegion = en;
			hasScannedForEncodings = 0;
			knownRegions = (
				en,
				Base,
			);
			mainGroup = 5F84E1B0285D7041002CE9F0;
			packageReferences = (
				5FF34E72285FF58E00A66A8E /* XCRemoteSwiftPackageReference "SVGKit" */,
			);
			productRefGroup = 5F84E1BA285D7041002CE9F0 /* Products */;
			projectDirPath = "";
			projectRoot = "";
			targets = (
				5F84E1B8285D7041002CE9F0 /* FootballFeed */,
			);
		};
/* End PBXProject section */

/* Begin PBXResourcesBuildPhase section */
		5F84E1B7285D7041002CE9F0 /* Resources */ = {
			isa = PBXResourcesBuildPhase;
			buildActionMask = 2147483647;
			files = (
				5F84E1C4285D7043002CE9F0 /* Preview Assets.xcassets in Resources */,
				5FF34E9B2860BF5E00A66A8E /* MockResponses in Resources */,
				5F84E1D0285D7260002CE9F0 /* Config.plist in Resources */,
				5F84E1C1285D7043002CE9F0 /* Assets.xcassets in Resources */,
			);
			runOnlyForDeploymentPostprocessing = 0;
		};
/* End PBXResourcesBuildPhase section */

/* Begin PBXSourcesBuildPhase section */
		5F84E1B5285D7041002CE9F0 /* Sources */ = {
			isa = PBXSourcesBuildPhase;
			buildActionMask = 2147483647;
			files = (
				5FF34EAA2860CE8700A66A8E /* FixtureSectionViewModel.swift in Sources */,
				5FF34EB22860CF9B00A66A8E /* FixtureListResponse.swift in Sources */,
				5F84E1F0285D81F1002CE9F0 /* CountryRowView.swift in Sources */,
				5F84E1D5285D7300002CE9F0 /* CountriesAPI.swift in Sources */,
				5F84E1BF285D7041002CE9F0 /* ContentView.swift in Sources */,
				5FF34E9D2860C05000A66A8E /* APIDataProvider.swift in Sources */,
				5FF34E5E285E4B3400A66A8E /* LeagueListView.swift in Sources */,
				5F84E1CC285D71D3002CE9F0 /* NetworkManager.swift in Sources */,
				5FF34E8D285FFCBD00A66A8E /* Team+PreviewData.swift in Sources */,
				5FF34E932860015A00A66A8E /* DashboardTabView.swift in Sources */,
				5FF34EBA2860D3CF00A66A8E /* JSONDecoder+Static.swift in Sources */,
				5FF34E8F285FFDDE00A66A8E /* TeamRowView.swift in Sources */,
				5FF34E5B285E3AC500A66A8E /* Set+Additions.swift in Sources */,
				5F84E1D9285D74FB002CE9F0 /* AppConfig.swift in Sources */,
				5FF34E8B285FFC7800A66A8E /* TeamListView.swift in Sources */,
				5FF34E6B285EDEDB00A66A8E /* League.swift in Sources */,
				5FF34EA12860C7F900A66A8E /* AppDelegate.swift in Sources */,
				5F84E1E8285D7E12002CE9F0 /* Country.swift in Sources */,
				5FF34EB42860D2D100A66A8E /* FixtureRowView.swift in Sources */,
				5FF34EB82860D35400A66A8E /* Venue+PreviewData.swift in Sources */,
				5FF34EB62860D2F900A66A8E /* Fixture+PreviewData.swift in Sources */,
				5F84E1DD285D799A002CE9F0 /* APIResource.swift in Sources */,
				5FF34E62285E4B5800A66A8E /* LeagueListViewModel.swift in Sources */,
				5FF34E77285FF6B600A66A8E /* SVGImageView.swift in Sources */,
				5F84E1E2285D7DB8002CE9F0 /* CountryListView.swift in Sources */,
				5FF34E86285FFB2600A66A8E /* TeamListViewModel.swift in Sources */,
				5FF34EBC2860D40F00A66A8E /* DateFormatter+Static.swift in Sources */,
				5FF34E71285EE44F00A66A8E /* League+PreviewData.swift in Sources */,
				5FF34E6F285EE29D00A66A8E /* LeagueRowView.swift in Sources */,
				5F84E1EC285D7E98002CE9F0 /* CountryListResponse.swift in Sources */,
				5FF34E89285FFC1300A66A8E /* Venue.swift in Sources */,
				5F84E1D7285D748D002CE9F0 /* FFApp.swift in Sources */,
				5FF34E82285FFAA800A66A8E /* TeamListResponse.swift in Sources */,
				5FF34E84285FFAB100A66A8E /* Team.swift in Sources */,
				5FF34E7F285FFA3000A66A8E /* TeamsAPI.swift in Sources */,
				5FF34E97286002D200A66A8E /* ProfileView.swift in Sources */,
				5FF34EAF2860CEF000A66A8E /* FixturesAPI.swift in Sources */,
				5FF34EA72860CE3D00A66A8E /* FixtureSectionView.swift in Sources */,
				5FF34EAC2860CEAA00A66A8E /* Fixture.swift in Sources */,
				5F84E1F3285D8255002CE9F0 /* Country+PreviewData.swift in Sources */,
				5F84E1BD285D7041002CE9F0 /* FootballFeedApp.swift in Sources */,
				5F84E1F6285D84C0002CE9F0 /* Dictionary+JSON.swift in Sources */,
				5FF34EA42860CDA500A66A8E /* FixturesViews.swift in Sources */,
				5F84E1E5285D7DDC002CE9F0 /* CountryListViewModel.swift in Sources */,
				5FF34E9F2860C07F00A66A8E /* NetworkMock.swift in Sources */,
				5FF34E68285EDEA200A66A8E /* LeagueListResponse.swift in Sources */,
				5FF34E64285EDBBA00A66A8E /* LeaguesAPI.swift in Sources */,
				5F84E1D2285D72C3002CE9F0 /* ConfigManager.swift in Sources */,
			);
			runOnlyForDeploymentPostprocessing = 0;
		};
/* End PBXSourcesBuildPhase section */

/* Begin XCBuildConfiguration section */
		5F84E1C5285D7043002CE9F0 /* Debug */ = {
			isa = XCBuildConfiguration;
			buildSettings = {
				ALWAYS_SEARCH_USER_PATHS = NO;
				CLANG_ANALYZER_NONNULL = YES;
				CLANG_ANALYZER_NUMBER_OBJECT_CONVERSION = YES_AGGRESSIVE;
				CLANG_CXX_LANGUAGE_STANDARD = "gnu++17";
				CLANG_ENABLE_MODULES = YES;
				CLANG_ENABLE_OBJC_ARC = YES;
				CLANG_ENABLE_OBJC_WEAK = YES;
				CLANG_WARN_BLOCK_CAPTURE_AUTORELEASING = YES;
				CLANG_WARN_BOOL_CONVERSION = YES;
				CLANG_WARN_COMMA = YES;
				CLANG_WARN_CONSTANT_CONVERSION = YES;
				CLANG_WARN_DEPRECATED_OBJC_IMPLEMENTATIONS = YES;
				CLANG_WARN_DIRECT_OBJC_ISA_USAGE = YES_ERROR;
				CLANG_WARN_DOCUMENTATION_COMMENTS = YES;
				CLANG_WARN_EMPTY_BODY = YES;
				CLANG_WARN_ENUM_CONVERSION = YES;
				CLANG_WARN_INFINITE_RECURSION = YES;
				CLANG_WARN_INT_CONVERSION = YES;
				CLANG_WARN_NON_LITERAL_NULL_CONVERSION = YES;
				CLANG_WARN_OBJC_IMPLICIT_RETAIN_SELF = YES;
				CLANG_WARN_OBJC_LITERAL_CONVERSION = YES;
				CLANG_WARN_OBJC_ROOT_CLASS = YES_ERROR;
				CLANG_WARN_QUOTED_INCLUDE_IN_FRAMEWORK_HEADER = YES;
				CLANG_WARN_RANGE_LOOP_ANALYSIS = YES;
				CLANG_WARN_STRICT_PROTOTYPES = YES;
				CLANG_WARN_SUSPICIOUS_MOVE = YES;
				CLANG_WARN_UNGUARDED_AVAILABILITY = YES_AGGRESSIVE;
				CLANG_WARN_UNREACHABLE_CODE = YES;
				CLANG_WARN__DUPLICATE_METHOD_MATCH = YES;
				COPY_PHASE_STRIP = NO;
				DEBUG_INFORMATION_FORMAT = dwarf;
				ENABLE_STRICT_OBJC_MSGSEND = YES;
				ENABLE_TESTABILITY = YES;
				GCC_C_LANGUAGE_STANDARD = gnu11;
				GCC_DYNAMIC_NO_PIC = NO;
				GCC_NO_COMMON_BLOCKS = YES;
				GCC_OPTIMIZATION_LEVEL = 0;
				GCC_PREPROCESSOR_DEFINITIONS = (
					"DEBUG=1",
					"$(inherited)",
				);
				GCC_WARN_64_TO_32_BIT_CONVERSION = YES;
				GCC_WARN_ABOUT_RETURN_TYPE = YES_ERROR;
				GCC_WARN_UNDECLARED_SELECTOR = YES;
				GCC_WARN_UNINITIALIZED_AUTOS = YES_AGGRESSIVE;
				GCC_WARN_UNUSED_FUNCTION = YES;
				GCC_WARN_UNUSED_VARIABLE = YES;
				IPHONEOS_DEPLOYMENT_TARGET = 15.5;
				MTL_ENABLE_DEBUG_INFO = INCLUDE_SOURCE;
				MTL_FAST_MATH = YES;
				ONLY_ACTIVE_ARCH = YES;
				SDKROOT = iphoneos;
				SWIFT_ACTIVE_COMPILATION_CONDITIONS = DEBUG;
				SWIFT_OPTIMIZATION_LEVEL = "-Onone";
			};
			name = Debug;
		};
		5F84E1C6285D7043002CE9F0 /* Release */ = {
			isa = XCBuildConfiguration;
			buildSettings = {
				ALWAYS_SEARCH_USER_PATHS = NO;
				CLANG_ANALYZER_NONNULL = YES;
				CLANG_ANALYZER_NUMBER_OBJECT_CONVERSION = YES_AGGRESSIVE;
				CLANG_CXX_LANGUAGE_STANDARD = "gnu++17";
				CLANG_ENABLE_MODULES = YES;
				CLANG_ENABLE_OBJC_ARC = YES;
				CLANG_ENABLE_OBJC_WEAK = YES;
				CLANG_WARN_BLOCK_CAPTURE_AUTORELEASING = YES;
				CLANG_WARN_BOOL_CONVERSION = YES;
				CLANG_WARN_COMMA = YES;
				CLANG_WARN_CONSTANT_CONVERSION = YES;
				CLANG_WARN_DEPRECATED_OBJC_IMPLEMENTATIONS = YES;
				CLANG_WARN_DIRECT_OBJC_ISA_USAGE = YES_ERROR;
				CLANG_WARN_DOCUMENTATION_COMMENTS = YES;
				CLANG_WARN_EMPTY_BODY = YES;
				CLANG_WARN_ENUM_CONVERSION = YES;
				CLANG_WARN_INFINITE_RECURSION = YES;
				CLANG_WARN_INT_CONVERSION = YES;
				CLANG_WARN_NON_LITERAL_NULL_CONVERSION = YES;
				CLANG_WARN_OBJC_IMPLICIT_RETAIN_SELF = YES;
				CLANG_WARN_OBJC_LITERAL_CONVERSION = YES;
				CLANG_WARN_OBJC_ROOT_CLASS = YES_ERROR;
				CLANG_WARN_QUOTED_INCLUDE_IN_FRAMEWORK_HEADER = YES;
				CLANG_WARN_RANGE_LOOP_ANALYSIS = YES;
				CLANG_WARN_STRICT_PROTOTYPES = YES;
				CLANG_WARN_SUSPICIOUS_MOVE = YES;
				CLANG_WARN_UNGUARDED_AVAILABILITY = YES_AGGRESSIVE;
				CLANG_WARN_UNREACHABLE_CODE = YES;
				CLANG_WARN__DUPLICATE_METHOD_MATCH = YES;
				COPY_PHASE_STRIP = NO;
				DEBUG_INFORMATION_FORMAT = "dwarf-with-dsym";
				ENABLE_NS_ASSERTIONS = NO;
				ENABLE_STRICT_OBJC_MSGSEND = YES;
				GCC_C_LANGUAGE_STANDARD = gnu11;
				GCC_NO_COMMON_BLOCKS = YES;
				GCC_WARN_64_TO_32_BIT_CONVERSION = YES;
				GCC_WARN_ABOUT_RETURN_TYPE = YES_ERROR;
				GCC_WARN_UNDECLARED_SELECTOR = YES;
				GCC_WARN_UNINITIALIZED_AUTOS = YES_AGGRESSIVE;
				GCC_WARN_UNUSED_FUNCTION = YES;
				GCC_WARN_UNUSED_VARIABLE = YES;
				IPHONEOS_DEPLOYMENT_TARGET = 15.5;
				MTL_ENABLE_DEBUG_INFO = NO;
				MTL_FAST_MATH = YES;
				SDKROOT = iphoneos;
				SWIFT_COMPILATION_MODE = wholemodule;
				SWIFT_OPTIMIZATION_LEVEL = "-O";
				VALIDATE_PRODUCT = YES;
			};
			name = Release;
		};
		5F84E1C8285D7043002CE9F0 /* Debug */ = {
			isa = XCBuildConfiguration;
			buildSettings = {
				ASSETCATALOG_COMPILER_APPICON_NAME = AppIcon;
				ASSETCATALOG_COMPILER_GLOBAL_ACCENT_COLOR_NAME = AccentColor;
				CODE_SIGN_STYLE = Automatic;
				CURRENT_PROJECT_VERSION = 1;
				DEVELOPMENT_ASSET_PATHS = "\"FootballFeed/Preview Content\"";
				DEVELOPMENT_TEAM = 9E5FJ56WP5;
				ENABLE_PREVIEWS = YES;
				GENERATE_INFOPLIST_FILE = YES;
				INFOPLIST_KEY_UIApplicationSceneManifest_Generation = YES;
				INFOPLIST_KEY_UIApplicationSupportsIndirectInputEvents = YES;
				INFOPLIST_KEY_UILaunchScreen_Generation = YES;
				INFOPLIST_KEY_UISupportedInterfaceOrientations_iPad = "UIInterfaceOrientationPortrait UIInterfaceOrientationPortraitUpsideDown UIInterfaceOrientationLandscapeLeft UIInterfaceOrientationLandscapeRight";
				INFOPLIST_KEY_UISupportedInterfaceOrientations_iPhone = "UIInterfaceOrientationPortrait UIInterfaceOrientationLandscapeLeft UIInterfaceOrientationLandscapeRight";
				IPHONEOS_DEPLOYMENT_TARGET = 16.0;
				LD_RUNPATH_SEARCH_PATHS = (
					"$(inherited)",
					"@executable_path/Frameworks",
				);
				MARKETING_VERSION = 1.0;
				PRODUCT_BUNDLE_IDENTIFIER = com.poissondemars.FootballFeed;
				PRODUCT_NAME = "$(TARGET_NAME)";
				SWIFT_EMIT_LOC_STRINGS = YES;
				SWIFT_VERSION = 5.0;
				TARGETED_DEVICE_FAMILY = "1,2";
			};
			name = Debug;
		};
		5F84E1C9285D7043002CE9F0 /* Release */ = {
			isa = XCBuildConfiguration;
			buildSettings = {
				ASSETCATALOG_COMPILER_APPICON_NAME = AppIcon;
				ASSETCATALOG_COMPILER_GLOBAL_ACCENT_COLOR_NAME = AccentColor;
				CODE_SIGN_STYLE = Automatic;
				CURRENT_PROJECT_VERSION = 1;
				DEVELOPMENT_ASSET_PATHS = "\"FootballFeed/Preview Content\"";
				DEVELOPMENT_TEAM = 9E5FJ56WP5;
				ENABLE_PREVIEWS = YES;
				GENERATE_INFOPLIST_FILE = YES;
				INFOPLIST_KEY_UIApplicationSceneManifest_Generation = YES;
				INFOPLIST_KEY_UIApplicationSupportsIndirectInputEvents = YES;
				INFOPLIST_KEY_UILaunchScreen_Generation = YES;
				INFOPLIST_KEY_UISupportedInterfaceOrientations_iPad = "UIInterfaceOrientationPortrait UIInterfaceOrientationPortraitUpsideDown UIInterfaceOrientationLandscapeLeft UIInterfaceOrientationLandscapeRight";
				INFOPLIST_KEY_UISupportedInterfaceOrientations_iPhone = "UIInterfaceOrientationPortrait UIInterfaceOrientationLandscapeLeft UIInterfaceOrientationLandscapeRight";
				IPHONEOS_DEPLOYMENT_TARGET = 16.0;
				LD_RUNPATH_SEARCH_PATHS = (
					"$(inherited)",
					"@executable_path/Frameworks",
				);
				MARKETING_VERSION = 1.0;
				PRODUCT_BUNDLE_IDENTIFIER = com.poissondemars.FootballFeed;
				PRODUCT_NAME = "$(TARGET_NAME)";
				SWIFT_EMIT_LOC_STRINGS = YES;
				SWIFT_VERSION = 5.0;
				TARGETED_DEVICE_FAMILY = "1,2";
			};
			name = Release;
		};
/* End XCBuildConfiguration section */

/* Begin XCConfigurationList section */
		5F84E1B4285D7041002CE9F0 /* Build configuration list for PBXProject "FootballFeed" */ = {
			isa = XCConfigurationList;
			buildConfigurations = (
				5F84E1C5285D7043002CE9F0 /* Debug */,
				5F84E1C6285D7043002CE9F0 /* Release */,
			);
			defaultConfigurationIsVisible = 0;
			defaultConfigurationName = Release;
		};
		5F84E1C7285D7043002CE9F0 /* Build configuration list for PBXNativeTarget "FootballFeed" */ = {
			isa = XCConfigurationList;
			buildConfigurations = (
				5F84E1C8285D7043002CE9F0 /* Debug */,
				5F84E1C9285D7043002CE9F0 /* Release */,
			);
			defaultConfigurationIsVisible = 0;
			defaultConfigurationName = Release;
		};
/* End XCConfigurationList section */

/* Begin XCRemoteSwiftPackageReference section */
		5FF34E72285FF58E00A66A8E /* XCRemoteSwiftPackageReference "SVGKit" */ = {
			isa = XCRemoteSwiftPackageReference;
			repositoryURL = "https://github.com/SVGKit/SVGKit";
			requirement = {
				kind = upToNextMajorVersion;
				minimumVersion = 3.0.0;
			};
		};
/* End XCRemoteSwiftPackageReference section */

/* Begin XCSwiftPackageProductDependency section */
		5FF34E73285FF58E00A66A8E /* SVGKitSwift */ = {
			isa = XCSwiftPackageProductDependency;
			package = 5FF34E72285FF58E00A66A8E /* XCRemoteSwiftPackageReference "SVGKit" */;
			productName = SVGKitSwift;
		};
/* End XCSwiftPackageProductDependency section */
	};
	rootObject = 5F84E1B1285D7041002CE9F0 /* Project object */;
}
