// !$*UTF8*$!
{
	archiveVersion = 1;
	classes = {
	};
	objectVersion = 55;
	objects = {

/* Begin PBXBuildFile section */
		5F84E1BD285D7041002CE9F0 /* FootballFeedApp.swift in Sources */ = {isa = PBXBuildFile; fileRef = 5F84E1BC285D7041002CE9F0 /* FootballFeedApp.swift */; };
		5F84E1BF285D7041002CE9F0 /* ContentView.swift in Sources */ = {isa = PBXBuildFile; fileRef = 5F84E1BE285D7041002CE9F0 /* ContentView.swift */; };
		5F84E1C1285D7043002CE9F0 /* Assets.xcassets in Resources */ = {isa = PBXBuildFile; fileRef = 5F84E1C0285D7043002CE9F0 /* Assets.xcassets */; };
		5F84E1C4285D7043002CE9F0 /* Preview Assets.xcassets in Resources */ = {isa = PBXBuildFile; fileRef = 5F84E1C3285D7043002CE9F0 /* Preview Assets.xcassets */; };
		5F84E1CC285D71D3002CE9F0 /* NetworkManager.swift in Sources */ = {isa = PBXBuildFile; fileRef = 5F84E1CB285D71D3002CE9F0 /* NetworkManager.swift */; };
		5F84E1D0285D7260002CE9F0 /* Config.plist in Resources */ = {isa = PBXBuildFile; fileRef = 5F84E1CF285D7260002CE9F0 /* Config.plist */; };
		5F84E1D2285D72C3002CE9F0 /* ConfigManager.swift in Sources */ = {isa = PBXBuildFile; fileRef = 5F84E1D1285D72C3002CE9F0 /* ConfigManager.swift */; };
		5F84E1D5285D7300002CE9F0 /* CountriesAPI.swift in Sources */ = {isa = PBXBuildFile; fileRef = 5F84E1D4285D7300002CE9F0 /* CountriesAPI.swift */; };
		5F84E1D7285D748D002CE9F0 /* FFApp.swift in Sources */ = {isa = PBXBuildFile; fileRef = 5F84E1D6285D748D002CE9F0 /* FFApp.swift */; };
		5F84E1D9285D74FB002CE9F0 /* AppConfig.swift in Sources */ = {isa = PBXBuildFile; fileRef = 5F84E1D8285D74FB002CE9F0 /* AppConfig.swift */; };
		5F84E1DD285D799A002CE9F0 /* APIResource.swift in Sources */ = {isa = PBXBuildFile; fileRef = 5F84E1DC285D799A002CE9F0 /* APIResource.swift */; };
		5F84E1E2285D7DB8002CE9F0 /* CountryListView.swift in Sources */ = {isa = PBXBuildFile; fileRef = 5F84E1E1285D7DB8002CE9F0 /* CountryListView.swift */; };
		5F84E1E5285D7DDC002CE9F0 /* CountryListModel.swift in Sources */ = {isa = PBXBuildFile; fileRef = 5F84E1E4285D7DDC002CE9F0 /* CountryListModel.swift */; };
		5F84E1E8285D7E12002CE9F0 /* Country.swift in Sources */ = {isa = PBXBuildFile; fileRef = 5F84E1E7285D7E12002CE9F0 /* Country.swift */; };
		5F84E1EC285D7E98002CE9F0 /* CountryListResponse.swift in Sources */ = {isa = PBXBuildFile; fileRef = 5F84E1EB285D7E98002CE9F0 /* CountryListResponse.swift */; };
		5F84E1F0285D81F1002CE9F0 /* CountryRowView.swift in Sources */ = {isa = PBXBuildFile; fileRef = 5F84E1EF285D81F1002CE9F0 /* CountryRowView.swift */; };
		5F84E1F3285D8255002CE9F0 /* Country+PreviewData.swift in Sources */ = {isa = PBXBuildFile; fileRef = 5F84E1F2285D8255002CE9F0 /* Country+PreviewData.swift */; };
		5F84E1F6285D84C0002CE9F0 /* Dictionary+JSON.swift in Sources */ = {isa = PBXBuildFile; fileRef = 5F84E1F5285D84C0002CE9F0 /* Dictionary+JSON.swift */; };
/* End PBXBuildFile section */

/* Begin PBXFileReference section */
		5F84E1B9285D7041002CE9F0 /* FootballFeed.app */ = {isa = PBXFileReference; explicitFileType = wrapper.application; includeInIndex = 0; path = FootballFeed.app; sourceTree = BUILT_PRODUCTS_DIR; };
		5F84E1BC285D7041002CE9F0 /* FootballFeedApp.swift */ = {isa = PBXFileReference; lastKnownFileType = sourcecode.swift; path = FootballFeedApp.swift; sourceTree = "<group>"; };
		5F84E1BE285D7041002CE9F0 /* ContentView.swift */ = {isa = PBXFileReference; lastKnownFileType = sourcecode.swift; path = ContentView.swift; sourceTree = "<group>"; };
		5F84E1C0285D7043002CE9F0 /* Assets.xcassets */ = {isa = PBXFileReference; lastKnownFileType = folder.assetcatalog; path = Assets.xcassets; sourceTree = "<group>"; };
		5F84E1C3285D7043002CE9F0 /* Preview Assets.xcassets */ = {isa = PBXFileReference; lastKnownFileType = folder.assetcatalog; path = "Preview Assets.xcassets"; sourceTree = "<group>"; };
		5F84E1CB285D71D3002CE9F0 /* NetworkManager.swift */ = {isa = PBXFileReference; lastKnownFileType = sourcecode.swift; path = NetworkManager.swift; sourceTree = "<group>"; };
		5F84E1CF285D7260002CE9F0 /* Config.plist */ = {isa = PBXFileReference; lastKnownFileType = text.plist.xml; path = Config.plist; sourceTree = "<group>"; };
		5F84E1D1285D72C3002CE9F0 /* ConfigManager.swift */ = {isa = PBXFileReference; lastKnownFileType = sourcecode.swift; path = ConfigManager.swift; sourceTree = "<group>"; };
		5F84E1D4285D7300002CE9F0 /* CountriesAPI.swift */ = {isa = PBXFileReference; lastKnownFileType = sourcecode.swift; path = CountriesAPI.swift; sourceTree = "<group>"; };
		5F84E1D6285D748D002CE9F0 /* FFApp.swift */ = {isa = PBXFileReference; lastKnownFileType = sourcecode.swift; path = FFApp.swift; sourceTree = "<group>"; };
		5F84E1D8285D74FB002CE9F0 /* AppConfig.swift */ = {isa = PBXFileReference; lastKnownFileType = sourcecode.swift; path = AppConfig.swift; sourceTree = "<group>"; };
		5F84E1DC285D799A002CE9F0 /* APIResource.swift */ = {isa = PBXFileReference; lastKnownFileType = sourcecode.swift; path = APIResource.swift; sourceTree = "<group>"; };
		5F84E1E1285D7DB8002CE9F0 /* CountryListView.swift */ = {isa = PBXFileReference; lastKnownFileType = sourcecode.swift; path = CountryListView.swift; sourceTree = "<group>"; };
		5F84E1E4285D7DDC002CE9F0 /* CountryListModel.swift */ = {isa = PBXFileReference; lastKnownFileType = sourcecode.swift; path = CountryListModel.swift; sourceTree = "<group>"; };
		5F84E1E7285D7E12002CE9F0 /* Country.swift */ = {isa = PBXFileReference; lastKnownFileType = sourcecode.swift; path = Country.swift; sourceTree = "<group>"; };
		5F84E1EB285D7E98002CE9F0 /* CountryListResponse.swift */ = {isa = PBXFileReference; lastKnownFileType = sourcecode.swift; path = CountryListResponse.swift; sourceTree = "<group>"; };
		5F84E1EF285D81F1002CE9F0 /* CountryRowView.swift */ = {isa = PBXFileReference; lastKnownFileType = sourcecode.swift; path = CountryRowView.swift; sourceTree = "<group>"; };
		5F84E1F2285D8255002CE9F0 /* Country+PreviewData.swift */ = {isa = PBXFileReference; lastKnownFileType = sourcecode.swift; path = "Country+PreviewData.swift"; sourceTree = "<group>"; };
		5F84E1F5285D84C0002CE9F0 /* Dictionary+JSON.swift */ = {isa = PBXFileReference; lastKnownFileType = sourcecode.swift; path = "Dictionary+JSON.swift"; sourceTree = "<group>"; };
/* End PBXFileReference section */

/* Begin PBXFrameworksBuildPhase section */
		5F84E1B6285D7041002CE9F0 /* Frameworks */ = {
			isa = PBXFrameworksBuildPhase;
			buildActionMask = 2147483647;
			files = (
			);
			runOnlyForDeploymentPostprocessing = 0;
		};
/* End PBXFrameworksBuildPhase section */

/* Begin PBXGroup section */
		5F84E1B0285D7041002CE9F0 = {
			isa = PBXGroup;
			children = (
				5F84E1BB285D7041002CE9F0 /* FootballFeed */,
				5F84E1BA285D7041002CE9F0 /* Products */,
			);
			sourceTree = "<group>";
		};
		5F84E1BA285D7041002CE9F0 /* Products */ = {
			isa = PBXGroup;
			children = (
				5F84E1B9285D7041002CE9F0 /* FootballFeed.app */,
			);
			name = Products;
			sourceTree = "<group>";
		};
		5F84E1BB285D7041002CE9F0 /* FootballFeed */ = {
			isa = PBXGroup;
			children = (
				5F84E1F4285D84AF002CE9F0 /* Extensions */,
				5F84E1DF285D7D87002CE9F0 /* Countries */,
				5F84E1CD285D7218002CE9F0 /* Shared */,
				5F84E1CA285D715A002CE9F0 /* Network */,
				5F84E1BC285D7041002CE9F0 /* FootballFeedApp.swift */,
				5F84E1BE285D7041002CE9F0 /* ContentView.swift */,
				5F84E1C0285D7043002CE9F0 /* Assets.xcassets */,
				5F84E1C2285D7043002CE9F0 /* Preview Content */,
			);
			path = FootballFeed;
			sourceTree = "<group>";
		};
		5F84E1C2285D7043002CE9F0 /* Preview Content */ = {
			isa = PBXGroup;
			children = (
				5F84E1C3285D7043002CE9F0 /* Preview Assets.xcassets */,
			);
			path = "Preview Content";
			sourceTree = "<group>";
		};
		5F84E1CA285D715A002CE9F0 /* Network */ = {
			isa = PBXGroup;
			children = (
				5F84E1D3285D72F6002CE9F0 /* API */,
				5F84E1CB285D71D3002CE9F0 /* NetworkManager.swift */,
			);
			path = Network;
			sourceTree = "<group>";
		};
		5F84E1CD285D7218002CE9F0 /* Shared */ = {
			isa = PBXGroup;
			children = (
				5F84E1CE285D7224002CE9F0 /* Config */,
				5F84E1D6285D748D002CE9F0 /* FFApp.swift */,
			);
			path = Shared;
			sourceTree = "<group>";
		};
		5F84E1CE285D7224002CE9F0 /* Config */ = {
			isa = PBXGroup;
			children = (
				5F84E1CF285D7260002CE9F0 /* Config.plist */,
				5F84E1D1285D72C3002CE9F0 /* ConfigManager.swift */,
				5F84E1D8285D74FB002CE9F0 /* AppConfig.swift */,
			);
			path = Config;
			sourceTree = "<group>";
		};
		5F84E1D3285D72F6002CE9F0 /* API */ = {
			isa = PBXGroup;
			children = (
				5F84E1E9285D7E59002CE9F0 /* Countries */,
				5F84E1DC285D799A002CE9F0 /* APIResource.swift */,
			);
			path = API;
			sourceTree = "<group>";
		};
		5F84E1DF285D7D87002CE9F0 /* Countries */ = {
			isa = PBXGroup;
			children = (
				5F84E1F1285D823C002CE9F0 /* PreviewData */,
				5F84E1E6285D7DF9002CE9F0 /* Models */,
				5F84E1E3285D7DCA002CE9F0 /* ViewModels */,
				5F84E1E0285D7D8D002CE9F0 /* Views */,
			);
			path = Countries;
			sourceTree = "<group>";
		};
		5F84E1E0285D7D8D002CE9F0 /* Views */ = {
			isa = PBXGroup;
			children = (
				5F84E1E1285D7DB8002CE9F0 /* CountryListView.swift */,
				5F84E1EF285D81F1002CE9F0 /* CountryRowView.swift */,
			);
			path = Views;
			sourceTree = "<group>";
		};
		5F84E1E3285D7DCA002CE9F0 /* ViewModels */ = {
			isa = PBXGroup;
			children = (
				5F84E1E4285D7DDC002CE9F0 /* CountryListModel.swift */,
			);
			path = ViewModels;
			sourceTree = "<group>";
		};
		5F84E1E6285D7DF9002CE9F0 /* Models */ = {
			isa = PBXGroup;
			children = (
				5F84E1E7285D7E12002CE9F0 /* Country.swift */,
			);
			path = Models;
			sourceTree = "<group>";
		};
		5F84E1E9285D7E59002CE9F0 /* Countries */ = {
			isa = PBXGroup;
			children = (
				5F84E1EA285D7E89002CE9F0 /* Models */,
				5F84E1D4285D7300002CE9F0 /* CountriesAPI.swift */,
			);
			path = Countries;
			sourceTree = "<group>";
		};
		5F84E1EA285D7E89002CE9F0 /* Models */ = {
			isa = PBXGroup;
			children = (
				5F84E1EB285D7E98002CE9F0 /* CountryListResponse.swift */,
			);
			path = Models;
			sourceTree = "<group>";
		};
		5F84E1F1285D823C002CE9F0 /* PreviewData */ = {
			isa = PBXGroup;
			children = (
				5F84E1F2285D8255002CE9F0 /* Country+PreviewData.swift */,
			);
			path = PreviewData;
			sourceTree = "<group>";
		};
		5F84E1F4285D84AF002CE9F0 /* Extensions */ = {
			isa = PBXGroup;
			children = (
				5F84E1F5285D84C0002CE9F0 /* Dictionary+JSON.swift */,
			);
			path = Extensions;
			sourceTree = "<group>";
		};
/* End PBXGroup section */

/* Begin PBXNativeTarget section */
		5F84E1B8285D7041002CE9F0 /* FootballFeed */ = {
			isa = PBXNativeTarget;
			buildConfigurationList = 5F84E1C7285D7043002CE9F0 /* Build configuration list for PBXNativeTarget "FootballFeed" */;
			buildPhases = (
				5F84E1B5285D7041002CE9F0 /* Sources */,
				5F84E1B6285D7041002CE9F0 /* Frameworks */,
				5F84E1B7285D7041002CE9F0 /* Resources */,
			);
			buildRules = (
			);
			dependencies = (
			);
			name = FootballFeed;
			productName = FootballFeed;
			productReference = 5F84E1B9285D7041002CE9F0 /* FootballFeed.app */;
			productType = "com.apple.product-type.application";
		};
/* End PBXNativeTarget section */

/* Begin PBXProject section */
		5F84E1B1285D7041002CE9F0 /* Project object */ = {
			isa = PBXProject;
			attributes = {
				BuildIndependentTargetsInParallel = 1;
				LastSwiftUpdateCheck = 1340;
				LastUpgradeCheck = 1340;
				TargetAttributes = {
					5F84E1B8285D7041002CE9F0 = {
						CreatedOnToolsVersion = 13.4.1;
					};
				};
			};
			buildConfigurationList = 5F84E1B4285D7041002CE9F0 /* Build configuration list for PBXProject "FootballFeed" */;
			compatibilityVersion = "Xcode 13.0";
			developmentRegion = en;
			hasScannedForEncodings = 0;
			knownRegions = (
				en,
				Base,
			);
			mainGroup = 5F84E1B0285D7041002CE9F0;
			productRefGroup = 5F84E1BA285D7041002CE9F0 /* Products */;
			projectDirPath = "";
			projectRoot = "";
			targets = (
				5F84E1B8285D7041002CE9F0 /* FootballFeed */,
			);
		};
/* End PBXProject section */

/* Begin PBXResourcesBuildPhase section */
		5F84E1B7285D7041002CE9F0 /* Resources */ = {
			isa = PBXResourcesBuildPhase;
			buildActionMask = 2147483647;
			files = (
				5F84E1C4285D7043002CE9F0 /* Preview Assets.xcassets in Resources */,
				5F84E1D0285D7260002CE9F0 /* Config.plist in Resources */,
				5F84E1C1285D7043002CE9F0 /* Assets.xcassets in Resources */,
			);
			runOnlyForDeploymentPostprocessing = 0;
		};
/* End PBXResourcesBuildPhase section */

/* Begin PBXSourcesBuildPhase section */
		5F84E1B5285D7041002CE9F0 /* Sources */ = {
			isa = PBXSourcesBuildPhase;
			buildActionMask = 2147483647;
			files = (
				5F84E1F0285D81F1002CE9F0 /* CountryRowView.swift in Sources */,
				5F84E1D5285D7300002CE9F0 /* CountriesAPI.swift in Sources */,
				5F84E1BF285D7041002CE9F0 /* ContentView.swift in Sources */,
				5F84E1CC285D71D3002CE9F0 /* NetworkManager.swift in Sources */,
				5F84E1D9285D74FB002CE9F0 /* AppConfig.swift in Sources */,
				5F84E1E8285D7E12002CE9F0 /* Country.swift in Sources */,
				5F84E1DD285D799A002CE9F0 /* APIResource.swift in Sources */,
				5F84E1E2285D7DB8002CE9F0 /* CountryListView.swift in Sources */,
				5F84E1EC285D7E98002CE9F0 /* CountryListResponse.swift in Sources */,
				5F84E1D7285D748D002CE9F0 /* FFApp.swift in Sources */,
				5F84E1F3285D8255002CE9F0 /* Country+PreviewData.swift in Sources */,
				5F84E1BD285D7041002CE9F0 /* FootballFeedApp.swift in Sources */,
				5F84E1F6285D84C0002CE9F0 /* Dictionary+JSON.swift in Sources */,
				5F84E1E5285D7DDC002CE9F0 /* CountryListModel.swift in Sources */,
				5F84E1D2285D72C3002CE9F0 /* ConfigManager.swift in Sources */,
			);
			runOnlyForDeploymentPostprocessing = 0;
		};
/* End PBXSourcesBuildPhase section */

/* Begin XCBuildConfiguration section */
		5F84E1C5285D7043002CE9F0 /* Debug */ = {
			isa = XCBuildConfiguration;
			buildSettings = {
				ALWAYS_SEARCH_USER_PATHS = NO;
				CLANG_ANALYZER_NONNULL = YES;
				CLANG_ANALYZER_NUMBER_OBJECT_CONVERSION = YES_AGGRESSIVE;
				CLANG_CXX_LANGUAGE_STANDARD = "gnu++17";
				CLANG_ENABLE_MODULES = YES;
				CLANG_ENABLE_OBJC_ARC = YES;
				CLANG_ENABLE_OBJC_WEAK = YES;
				CLANG_WARN_BLOCK_CAPTURE_AUTORELEASING = YES;
				CLANG_WARN_BOOL_CONVERSION = YES;
				CLANG_WARN_COMMA = YES;
				CLANG_WARN_CONSTANT_CONVERSION = YES;
				CLANG_WARN_DEPRECATED_OBJC_IMPLEMENTATIONS = YES;
				CLANG_WARN_DIRECT_OBJC_ISA_USAGE = YES_ERROR;
				CLANG_WARN_DOCUMENTATION_COMMENTS = YES;
				CLANG_WARN_EMPTY_BODY = YES;
				CLANG_WARN_ENUM_CONVERSION = YES;
				CLANG_WARN_INFINITE_RECURSION = YES;
				CLANG_WARN_INT_CONVERSION = YES;
				CLANG_WARN_NON_LITERAL_NULL_CONVERSION = YES;
				CLANG_WARN_OBJC_IMPLICIT_RETAIN_SELF = YES;
				CLANG_WARN_OBJC_LITERAL_CONVERSION = YES;
				CLANG_WARN_OBJC_ROOT_CLASS = YES_ERROR;
				CLANG_WARN_QUOTED_INCLUDE_IN_FRAMEWORK_HEADER = YES;
				CLANG_WARN_RANGE_LOOP_ANALYSIS = YES;
				CLANG_WARN_STRICT_PROTOTYPES = YES;
				CLANG_WARN_SUSPICIOUS_MOVE = YES;
				CLANG_WARN_UNGUARDED_AVAILABILITY = YES_AGGRESSIVE;
				CLANG_WARN_UNREACHABLE_CODE = YES;
				CLANG_WARN__DUPLICATE_METHOD_MATCH = YES;
				COPY_PHASE_STRIP = NO;
				DEBUG_INFORMATION_FORMAT = dwarf;
				ENABLE_STRICT_OBJC_MSGSEND = YES;
				ENABLE_TESTABILITY = YES;
				GCC_C_LANGUAGE_STANDARD = gnu11;
				GCC_DYNAMIC_NO_PIC = NO;
				GCC_NO_COMMON_BLOCKS = YES;
				GCC_OPTIMIZATION_LEVEL = 0;
				GCC_PREPROCESSOR_DEFINITIONS = (
					"DEBUG=1",
					"$(inherited)",
				);
				GCC_WARN_64_TO_32_BIT_CONVERSION = YES;
				GCC_WARN_ABOUT_RETURN_TYPE = YES_ERROR;
				GCC_WARN_UNDECLARED_SELECTOR = YES;
				GCC_WARN_UNINITIALIZED_AUTOS = YES_AGGRESSIVE;
				GCC_WARN_UNUSED_FUNCTION = YES;
				GCC_WARN_UNUSED_VARIABLE = YES;
				IPHONEOS_DEPLOYMENT_TARGET = 15.5;
				MTL_ENABLE_DEBUG_INFO = INCLUDE_SOURCE;
				MTL_FAST_MATH = YES;
				ONLY_ACTIVE_ARCH = YES;
				SDKROOT = iphoneos;
				SWIFT_ACTIVE_COMPILATION_CONDITIONS = DEBUG;
				SWIFT_OPTIMIZATION_LEVEL = "-Onone";
			};
			name = Debug;
		};
		5F84E1C6285D7043002CE9F0 /* Release */ = {
			isa = XCBuildConfiguration;
			buildSettings = {
				ALWAYS_SEARCH_USER_PATHS = NO;
				CLANG_ANALYZER_NONNULL = YES;
				CLANG_ANALYZER_NUMBER_OBJECT_CONVERSION = YES_AGGRESSIVE;
				CLANG_CXX_LANGUAGE_STANDARD = "gnu++17";
				CLANG_ENABLE_MODULES = YES;
				CLANG_ENABLE_OBJC_ARC = YES;
				CLANG_ENABLE_OBJC_WEAK = YES;
				CLANG_WARN_BLOCK_CAPTURE_AUTORELEASING = YES;
				CLANG_WARN_BOOL_CONVERSION = YES;
				CLANG_WARN_COMMA = YES;
				CLANG_WARN_CONSTANT_CONVERSION = YES;
				CLANG_WARN_DEPRECATED_OBJC_IMPLEMENTATIONS = YES;
				CLANG_WARN_DIRECT_OBJC_ISA_USAGE = YES_ERROR;
				CLANG_WARN_DOCUMENTATION_COMMENTS = YES;
				CLANG_WARN_EMPTY_BODY = YES;
				CLANG_WARN_ENUM_CONVERSION = YES;
				CLANG_WARN_INFINITE_RECURSION = YES;
				CLANG_WARN_INT_CONVERSION = YES;
				CLANG_WARN_NON_LITERAL_NULL_CONVERSION = YES;
				CLANG_WARN_OBJC_IMPLICIT_RETAIN_SELF = YES;
				CLANG_WARN_OBJC_LITERAL_CONVERSION = YES;
				CLANG_WARN_OBJC_ROOT_CLASS = YES_ERROR;
				CLANG_WARN_QUOTED_INCLUDE_IN_FRAMEWORK_HEADER = YES;
				CLANG_WARN_RANGE_LOOP_ANALYSIS = YES;
				CLANG_WARN_STRICT_PROTOTYPES = YES;
				CLANG_WARN_SUSPICIOUS_MOVE = YES;
				CLANG_WARN_UNGUARDED_AVAILABILITY = YES_AGGRESSIVE;
				CLANG_WARN_UNREACHABLE_CODE = YES;
				CLANG_WARN__DUPLICATE_METHOD_MATCH = YES;
				COPY_PHASE_STRIP = NO;
				DEBUG_INFORMATION_FORMAT = "dwarf-with-dsym";
				ENABLE_NS_ASSERTIONS = NO;
				ENABLE_STRICT_OBJC_MSGSEND = YES;
				GCC_C_LANGUAGE_STANDARD = gnu11;
				GCC_NO_COMMON_BLOCKS = YES;
				GCC_WARN_64_TO_32_BIT_CONVERSION = YES;
				GCC_WARN_ABOUT_RETURN_TYPE = YES_ERROR;
				GCC_WARN_UNDECLARED_SELECTOR = YES;
				GCC_WARN_UNINITIALIZED_AUTOS = YES_AGGRESSIVE;
				GCC_WARN_UNUSED_FUNCTION = YES;
				GCC_WARN_UNUSED_VARIABLE = YES;
				IPHONEOS_DEPLOYMENT_TARGET = 15.5;
				MTL_ENABLE_DEBUG_INFO = NO;
				MTL_FAST_MATH = YES;
				SDKROOT = iphoneos;
				SWIFT_COMPILATION_MODE = wholemodule;
				SWIFT_OPTIMIZATION_LEVEL = "-O";
				VALIDATE_PRODUCT = YES;
			};
			name = Release;
		};
		5F84E1C8285D7043002CE9F0 /* Debug */ = {
			isa = XCBuildConfiguration;
			buildSettings = {
				ASSETCATALOG_COMPILER_APPICON_NAME = AppIcon;
				ASSETCATALOG_COMPILER_GLOBAL_ACCENT_COLOR_NAME = AccentColor;
				CODE_SIGN_STYLE = Automatic;
				CURRENT_PROJECT_VERSION = 1;
				DEVELOPMENT_ASSET_PATHS = "\"FootballFeed/Preview Content\"";
				DEVELOPMENT_TEAM = 9E5FJ56WP5;
				ENABLE_PREVIEWS = YES;
				GENERATE_INFOPLIST_FILE = YES;
				INFOPLIST_KEY_UIApplicationSceneManifest_Generation = YES;
				INFOPLIST_KEY_UIApplicationSupportsIndirectInputEvents = YES;
				INFOPLIST_KEY_UILaunchScreen_Generation = YES;
				INFOPLIST_KEY_UISupportedInterfaceOrientations_iPad = "UIInterfaceOrientationPortrait UIInterfaceOrientationPortraitUpsideDown UIInterfaceOrientationLandscapeLeft UIInterfaceOrientationLandscapeRight";
				INFOPLIST_KEY_UISupportedInterfaceOrientations_iPhone = "UIInterfaceOrientationPortrait UIInterfaceOrientationLandscapeLeft UIInterfaceOrientationLandscapeRight";
				LD_RUNPATH_SEARCH_PATHS = (
					"$(inherited)",
					"@executable_path/Frameworks",
				);
				MARKETING_VERSION = 1.0;
				PRODUCT_BUNDLE_IDENTIFIER = com.poissondemars.FootballFeed;
				PRODUCT_NAME = "$(TARGET_NAME)";
				SWIFT_EMIT_LOC_STRINGS = YES;
				SWIFT_VERSION = 5.0;
				TARGETED_DEVICE_FAMILY = "1,2";
			};
			name = Debug;
		};
		5F84E1C9285D7043002CE9F0 /* Release */ = {
			isa = XCBuildConfiguration;
			buildSettings = {
				ASSETCATALOG_COMPILER_APPICON_NAME = AppIcon;
				ASSETCATALOG_COMPILER_GLOBAL_ACCENT_COLOR_NAME = AccentColor;
				CODE_SIGN_STYLE = Automatic;
				CURRENT_PROJECT_VERSION = 1;
				DEVELOPMENT_ASSET_PATHS = "\"FootballFeed/Preview Content\"";
				DEVELOPMENT_TEAM = 9E5FJ56WP5;
				ENABLE_PREVIEWS = YES;
				GENERATE_INFOPLIST_FILE = YES;
				INFOPLIST_KEY_UIApplicationSceneManifest_Generation = YES;
				INFOPLIST_KEY_UIApplicationSupportsIndirectInputEvents = YES;
				INFOPLIST_KEY_UILaunchScreen_Generation = YES;
				INFOPLIST_KEY_UISupportedInterfaceOrientations_iPad = "UIInterfaceOrientationPortrait UIInterfaceOrientationPortraitUpsideDown UIInterfaceOrientationLandscapeLeft UIInterfaceOrientationLandscapeRight";
				INFOPLIST_KEY_UISupportedInterfaceOrientations_iPhone = "UIInterfaceOrientationPortrait UIInterfaceOrientationLandscapeLeft UIInterfaceOrientationLandscapeRight";
				LD_RUNPATH_SEARCH_PATHS = (
					"$(inherited)",
					"@executable_path/Frameworks",
				);
				MARKETING_VERSION = 1.0;
				PRODUCT_BUNDLE_IDENTIFIER = com.poissondemars.FootballFeed;
				PRODUCT_NAME = "$(TARGET_NAME)";
				SWIFT_EMIT_LOC_STRINGS = YES;
				SWIFT_VERSION = 5.0;
				TARGETED_DEVICE_FAMILY = "1,2";
			};
			name = Release;
		};
/* End XCBuildConfiguration section */

/* Begin XCConfigurationList section */
		5F84E1B4285D7041002CE9F0 /* Build configuration list for PBXProject "FootballFeed" */ = {
			isa = XCConfigurationList;
			buildConfigurations = (
				5F84E1C5285D7043002CE9F0 /* Debug */,
				5F84E1C6285D7043002CE9F0 /* Release */,
			);
			defaultConfigurationIsVisible = 0;
			defaultConfigurationName = Release;
		};
		5F84E1C7285D7043002CE9F0 /* Build configuration list for PBXNativeTarget "FootballFeed" */ = {
			isa = XCConfigurationList;
			buildConfigurations = (
				5F84E1C8285D7043002CE9F0 /* Debug */,
				5F84E1C9285D7043002CE9F0 /* Release */,
			);
			defaultConfigurationIsVisible = 0;
			defaultConfigurationName = Release;
		};
/* End XCConfigurationList section */
	};
	rootObject = 5F84E1B1285D7041002CE9F0 /* Project object */;
}
